
Microsoft Visual Studio Solution File, Format Version 12.00
# Visual Studio Version 16
VisualStudioVersion = 16.0.29215.179
MinimumVisualStudioVersion = 10.0.40219.1
Project("{9A19103F-16F7-4668-BE54-9A1E7A4F7556}") = "eRestoran.WebAPI", "eRestoran.WebAPI\eRestoran.WebAPI.csproj", "{F478B847-E6A7-4ABE-90E7-659000114D50}"
EndProject
Project("{9A19103F-16F7-4668-BE54-9A1E7A4F7556}") = "eRestoran.Model", "eRestoran.Model\eRestoran.Model.csproj", "{F103D2E5-9C55-4300-9E86-AB8B66571908}"
EndProject
Project("{2150E333-8FDC-42A3-9474-1A3956D46DE8}") = "UI", "UI", "{6333C3A5-63C1-4A4C-83FC-BE06295E10AB}"
EndProject
Project("{FAE04EC0-301F-11D3-BF4B-00C04F79EFBC}") = "eRestoran.WinUI", "eRestoran.WinUI\eRestoran.WinUI.csproj", "{0557533B-F30B-485A-B609-0C23E3B11BBA}"
EndProject
Global
	GlobalSection(SolutionConfigurationPlatforms) = preSolution
		Debug|Any CPU = Debug|Any CPU
		Release|Any CPU = Release|Any CPU
	EndGlobalSection
	GlobalSection(ProjectConfigurationPlatforms) = postSolution
		{F478B847-E6A7-4ABE-90E7-659000114D50}.Debug|Any CPU.ActiveCfg = Debug|Any CPU
		{F478B847-E6A7-4ABE-90E7-659000114D50}.Debug|Any CPU.Build.0 = Debug|Any CPU
		{F478B847-E6A7-4ABE-90E7-659000114D50}.Release|Any CPU.ActiveCfg = Release|Any CPU
		{F478B847-E6A7-4ABE-90E7-659000114D50}.Release|Any CPU.Build.0 = Release|Any CPU
		{F103D2E5-9C55-4300-9E86-AB8B66571908}.Debug|Any CPU.ActiveCfg = Debug|Any CPU
		{F103D2E5-9C55-4300-9E86-AB8B66571908}.Debug|Any CPU.Build.0 = Debug|Any CPU
		{F103D2E5-9C55-4300-9E86-AB8B66571908}.Release|Any CPU.ActiveCfg = Release|Any CPU
		{F103D2E5-9C55-4300-9E86-AB8B66571908}.Release|Any CPU.Build.0 = Release|Any CPU
		{0557533B-F30B-485A-B609-0C23E3B11BBA}.Debug|Any CPU.ActiveCfg = Debug|Any CPU
		{0557533B-F30B-485A-B609-0C23E3B11BBA}.Debug|Any CPU.Build.0 = Debug|Any CPU
		{0557533B-F30B-485A-B609-0C23E3B11BBA}.Release|Any CPU.ActiveCfg = Release|Any CPU
		{0557533B-F30B-485A-B609-0C23E3B11BBA}.Release|Any CPU.Build.0 = Release|Any CPU
	EndGlobalSection
	GlobalSection(SolutionProperties) = preSolution
		HideSolutionNode = FALSE
	EndGlobalSection
	GlobalSection(NestedProjects) = preSolution
		{0557533B-F30B-485A-B609-0C23E3B11BBA} = {6333C3A5-63C1-4A4C-83FC-BE06295E10AB}
	EndGlobalSection
	GlobalSection(ExtensibilityGlobals) = postSolution
		SolutionGuid = {CA6636D9-33F0-44F6-B452-A217A84E5230}
	EndGlobalSection
EndGlobal
